// !$*UTF8*$!
{
	archiveVersion = 1;
	classes = {
	};
	objectVersion = 45;
	objects = {

/* Begin PBXBuildFile section */
		5F474B426497773554D72870 /* gll_c.c in Sources */ = {isa = PBXBuildFile; fileRef = 7E722AC5298B64DC28765D83 /* gll_c.c */; };
		69C2507E279E113F4AAA62B2 /* gll_gl_ext.c in Sources */ = {isa = PBXBuildFile; fileRef = 0EB93C1711E97D8B70B2561A /* gll_gl_ext.c */; };
		7040335F41DF309665195F0D /* gll_cpp.cpp in Sources */ = {isa = PBXBuildFile; fileRef = 57E2599D7B8A291140F60EB2 /* gll_cpp.cpp */; };
		E9AD4CDD170A693600296719 /* OpenGL.framework in Frameworks */ = {isa = PBXBuildFile; fileRef = E9AD4CDC170A693600296719 /* OpenGL.framework */; };
/* End PBXBuildFile section */

/* Begin PBXFileReference section */
		08EF2F8239D2350A32045595 /* gl_4_2_comp.h */ = {isa = PBXFileReference; lastKnownFileType = sourcecode.c.h; path = gl_4_2_comp.h; sourceTree = "<group>"; };
		096637D316A27DE0099B29BF /* gl_3_2.hpp */ = {isa = PBXFileReference; lastKnownFileType = text; path = gl_3_2.hpp; sourceTree = "<group>"; };
		098A5DAD29E3073533EF2E68 /* gl_4_0.hpp */ = {isa = PBXFileReference; lastKnownFileType = text; path = gl_4_0.hpp; sourceTree = "<group>"; };
		0BFA61E2757F7DE202910F4A /* gl_4_3_comp.hpp */ = {isa = PBXFileReference; lastKnownFileType = text; path = gl_4_3_comp.hpp; sourceTree = "<group>"; };
		0CD11D4C7A545ED266C20534 /* gl_3_0.h */ = {isa = PBXFileReference; lastKnownFileType = sourcecode.c.h; path = gl_3_0.h; sourceTree = "<group>"; };
		0D8F4C711A85308E590F1226 /* gl_3_3.h */ = {isa = PBXFileReference; lastKnownFileType = sourcecode.c.h; path = gl_3_3.h; sourceTree = "<group>"; };
		0EB93C1711E97D8B70B2561A /* gll_gl_ext.c */ = {isa = PBXFileReference; lastKnownFileType = sourcecode.c.c; path = gll_gl_ext.c; sourceTree = "<group>"; };
		15D43A9266CD3ADB358A36FA /* gl_3_3.hpp */ = {isa = PBXFileReference; lastKnownFileType = text; path = gl_3_3.hpp; sourceTree = "<group>"; };
		15EB10BE384216A151CB0245 /* gl_4_1.h */ = {isa = PBXFileReference; lastKnownFileType = sourcecode.c.h; path = gl_4_1.h; sourceTree = "<group>"; };
		160932C068412E142E273E92 /* gl_4_0_comp.hpp */ = {isa = PBXFileReference; lastKnownFileType = text; path = gl_4_0_comp.hpp; sourceTree = "<group>"; };
		1B7819C57E7C302616A4753B /* gll_gl_ext.h */ = {isa = PBXFileReference; lastKnownFileType = sourcecode.c.h; path = gll_gl_ext.h; sourceTree = "<group>"; };
		1C283D95276D11E651A278CB /* gl_3_1_comp.hpp */ = {isa = PBXFileReference; lastKnownFileType = text; path = gl_3_1_comp.hpp; sourceTree = "<group>"; };
		1DED544F3E433CE171A06B90 /* gl_3_0.hpp */ = {isa = PBXFileReference; lastKnownFileType = text; path = gl_3_0.hpp; sourceTree = "<group>"; };
		1FA80ECF4C3C354E52197532 /* gll.h */ = {isa = PBXFileReference; lastKnownFileType = sourcecode.c.h; path = gll.h; sourceTree = "<group>"; };
		257C15930FA1415C025356CA /* gl_4_3.hpp */ = {isa = PBXFileReference; lastKnownFileType = text; path = gl_4_3.hpp; sourceTree = "<group>"; };
		2BA70AC6656D7ED774160CED /* gl_3_1_comp.h */ = {isa = PBXFileReference; lastKnownFileType = sourcecode.c.h; path = gl_3_1_comp.h; sourceTree = "<group>"; };
		2CBC19E47BA0700844133FD2 /* gl_core.hpp */ = {isa = PBXFileReference; lastKnownFileType = text; path = gl_core.hpp; sourceTree = "<group>"; };
		2E913AF3313257851AAC37E9 /* gll.hpp */ = {isa = PBXFileReference; lastKnownFileType = text; path = gll.hpp; sourceTree = "<group>"; };
		2F7D74F6468E14E56D0C4860 /* gl_3_1.hpp */ = {isa = PBXFileReference; lastKnownFileType = text; path = gl_3_1.hpp; sourceTree = "<group>"; };
		3435377B21231E19147F34EB /* gll_gl_ext_base.h */ = {isa = PBXFileReference; lastKnownFileType = sourcecode.c.h; path = gll_gl_ext_base.h; sourceTree = "<group>"; };
		3577182B66C9526D02A670FA /* gl_4_1_comp.h */ = {isa = PBXFileReference; lastKnownFileType = sourcecode.c.h; path = gl_4_1_comp.h; sourceTree = "<group>"; };
		366B3EB421537C040ACA7AA0 /* gl_4_1.hpp */ = {isa = PBXFileReference; lastKnownFileType = text; path = gl_4_1.hpp; sourceTree = "<group>"; };
		381027393DAE74C47E20121B /* gl_core.h */ = {isa = PBXFileReference; lastKnownFileType = sourcecode.c.h; path = gl_core.h; sourceTree = "<group>"; };
		3A5356BC7465479C7FF47F51 /* gl_4_3.h */ = {isa = PBXFileReference; lastKnownFileType = sourcecode.c.h; path = gl_4_3.h; sourceTree = "<group>"; };
		3C5E4EFD6A3C182205653FAC /* gl_3_2_comp.h */ = {isa = PBXFileReference; lastKnownFileType = sourcecode.c.h; path = gl_3_2_comp.h; sourceTree = "<group>"; };
		3D7B05C142E37E9114611D9E /* gl_3_2_comp.hpp */ = {isa = PBXFileReference; lastKnownFileType = text; path = gl_3_2_comp.hpp; sourceTree = "<group>"; };
		3DE1343B1FBC7A8F5DAE5AE2 /* gl_all.hpp */ = {isa = PBXFileReference; lastKnownFileType = text; path = gl_all.hpp; sourceTree = "<group>"; };
		40D30E315BF3672D4A007C53 /* gl_4_2.h */ = {isa = PBXFileReference; lastKnownFileType = sourcecode.c.h; path = gl_4_2.h; sourceTree = "<group>"; };
		42CA5EB07F4E0ED827115D1B /* gl_4_2_comp.hpp */ = {isa = PBXFileReference; lastKnownFileType = text; path = gl_4_2_comp.hpp; sourceTree = "<group>"; };
		46131F4E70126D3D44EB300D /* gl_all.h */ = {isa = PBXFileReference; lastKnownFileType = sourcecode.c.h; path = gl_all.h; sourceTree = "<group>"; };
		469B25DC24FE3A0926EF2FFD /* gl_3_1.h */ = {isa = PBXFileReference; lastKnownFileType = sourcecode.c.h; path = gl_3_1.h; sourceTree = "<group>"; };
		57E2599D7B8A291140F60EB2 /* gll_cpp.cpp */ = {isa = PBXFileReference; lastKnownFileType = sourcecode.cpp.cpp; path = gll_cpp.cpp; sourceTree = "<group>"; };
		59652EEC124F373C744110DC /* gl_4_2.hpp */ = {isa = PBXFileReference; lastKnownFileType = text; path = gl_4_2.hpp; sourceTree = "<group>"; };
		5A31034E033053BB31331991 /* gl_2_1.hpp */ = {isa = PBXFileReference; lastKnownFileType = text; path = gl_2_1.hpp; sourceTree = "<group>"; };
		5E48502A2ADB155F3668022A /* gll_util.h */ = {isa = PBXFileReference; lastKnownFileType = sourcecode.c.h; path = gll_util.h; sourceTree = "<group>"; };
		5E5F392C235B43F252751D1F /* gl_4_0.h */ = {isa = PBXFileReference; lastKnownFileType = sourcecode.c.h; path = gl_4_0.h; sourceTree = "<group>"; };
		609565AE411F14AB737C7BC6 /* gl_3_2.h */ = {isa = PBXFileReference; lastKnownFileType = sourcecode.c.h; path = gl_3_2.h; sourceTree = "<group>"; };
		61295AAA01633B61786137E9 /* gl_4_1_comp.hpp */ = {isa = PBXFileReference; lastKnownFileType = text; path = gl_4_1_comp.hpp; sourceTree = "<group>"; };
		619F2E6E75EC60BC10E764FA /* gl_3_3_comp.h */ = {isa = PBXFileReference; lastKnownFileType = sourcecode.c.h; path = gl_3_3_comp.h; sourceTree = "<group>"; };
		6653748C1E3F60A63F470916 /* gl_4_0_comp.h */ = {isa = PBXFileReference; lastKnownFileType = sourcecode.c.h; path = gl_4_0_comp.h; sourceTree = "<group>"; };
		6C5C4D21419666B474796B79 /* gl_4_3_comp.h */ = {isa = PBXFileReference; lastKnownFileType = sourcecode.c.h; path = gl_4_3_comp.h; sourceTree = "<group>"; };
		71DF20A568B404E01BCD48D9 /* libglloadD.a */ = {isa = PBXFileReference; explicitFileType = archive.ar; includeInIndex = 0; path = libglloadD.a; sourceTree = BUILT_PRODUCTS_DIR; };
		79B5180915707C09624B4DCF /* gl_2_1.h */ = {isa = PBXFileReference; lastKnownFileType = sourcecode.c.h; path = gl_2_1.h; sourceTree = "<group>"; };
		79E021A65A3E315D7FE611E7 /* gl_3_3_comp.hpp */ = {isa = PBXFileReference; lastKnownFileType = text; path = gl_3_3_comp.hpp; sourceTree = "<group>"; };
		7E722AC5298B64DC28765D83 /* gll_c.c */ = {isa = PBXFileReference; lastKnownFileType = sourcecode.c.c; path = gll_c.c; sourceTree = "<group>"; };
		E9AD4CDC170A693600296719 /* OpenGL.framework */ = {isa = PBXFileReference; lastKnownFileType = wrapper.framework; name = OpenGL.framework; path = ../../../../../System/Library/Frameworks/OpenGL.framework; sourceTree = "<group>"; };
/* End PBXFileReference section */

/* Begin PBXFrameworksBuildPhase section */
		050B22B85F3731C318FB2CBF /* Frameworks */ = {
			isa = PBXFrameworksBuildPhase;
			buildActionMask = 2147483647;
			files = (
				E9AD4CDD170A693600296719 /* OpenGL.framework in Frameworks */,
			);
			runOnlyForDeploymentPostprocessing = 0;
		};
/* End PBXFrameworksBuildPhase section */

/* Begin PBXGroup section */
		21374D295B850C364E451F81 /* glload */ = {
			isa = PBXGroup;
			children = (
				E9AD4CDC170A693600296719 /* OpenGL.framework */,
				7D1E58027DD3381024453902 /* include */,
				43A47F613D8243DE5C1C579E /* source */,
				2947032D25BE043536241A19 /* Products */,
			);
			name = glload;
			sourceTree = "<group>";
		};
		2947032D25BE043536241A19 /* Products */ = {
			isa = PBXGroup;
			children = (
				71DF20A568B404E01BCD48D9 /* libglloadD.a */,
			);
			name = Products;
			sourceTree = "<group>";
		};
		43A47F613D8243DE5C1C579E /* source */ = {
			isa = PBXGroup;
			children = (
				7E722AC5298B64DC28765D83 /* gll_c.c */,
				57E2599D7B8A291140F60EB2 /* gll_cpp.cpp */,
				0EB93C1711E97D8B70B2561A /* gll_gl_ext.c */,
				1B7819C57E7C302616A4753B /* gll_gl_ext.h */,
				3435377B21231E19147F34EB /* gll_gl_ext_base.h */,
				5E48502A2ADB155F3668022A /* gll_util.h */,
			);
			path = source;
			sourceTree = "<group>";
		};
		70327BD63D3235BF35D8284F /* glload */ = {
			isa = PBXGroup;
			children = (
				79B5180915707C09624B4DCF /* gl_2_1.h */,
				5A31034E033053BB31331991 /* gl_2_1.hpp */,
				0CD11D4C7A545ED266C20534 /* gl_3_0.h */,
				1DED544F3E433CE171A06B90 /* gl_3_0.hpp */,
				469B25DC24FE3A0926EF2FFD /* gl_3_1.h */,
				2F7D74F6468E14E56D0C4860 /* gl_3_1.hpp */,
				2BA70AC6656D7ED774160CED /* gl_3_1_comp.h */,
				1C283D95276D11E651A278CB /* gl_3_1_comp.hpp */,
				609565AE411F14AB737C7BC6 /* gl_3_2.h */,
				096637D316A27DE0099B29BF /* gl_3_2.hpp */,
				3C5E4EFD6A3C182205653FAC /* gl_3_2_comp.h */,
				3D7B05C142E37E9114611D9E /* gl_3_2_comp.hpp */,
				0D8F4C711A85308E590F1226 /* gl_3_3.h */,
				15D43A9266CD3ADB358A36FA /* gl_3_3.hpp */,
				619F2E6E75EC60BC10E764FA /* gl_3_3_comp.h */,
				79E021A65A3E315D7FE611E7 /* gl_3_3_comp.hpp */,
				5E5F392C235B43F252751D1F /* gl_4_0.h */,
				098A5DAD29E3073533EF2E68 /* gl_4_0.hpp */,
				6653748C1E3F60A63F470916 /* gl_4_0_comp.h */,
				160932C068412E142E273E92 /* gl_4_0_comp.hpp */,
				15EB10BE384216A151CB0245 /* gl_4_1.h */,
				366B3EB421537C040ACA7AA0 /* gl_4_1.hpp */,
				3577182B66C9526D02A670FA /* gl_4_1_comp.h */,
				61295AAA01633B61786137E9 /* gl_4_1_comp.hpp */,
				40D30E315BF3672D4A007C53 /* gl_4_2.h */,
				59652EEC124F373C744110DC /* gl_4_2.hpp */,
				08EF2F8239D2350A32045595 /* gl_4_2_comp.h */,
				42CA5EB07F4E0ED827115D1B /* gl_4_2_comp.hpp */,
				3A5356BC7465479C7FF47F51 /* gl_4_3.h */,
				257C15930FA1415C025356CA /* gl_4_3.hpp */,
				6C5C4D21419666B474796B79 /* gl_4_3_comp.h */,
				0BFA61E2757F7DE202910F4A /* gl_4_3_comp.hpp */,
				46131F4E70126D3D44EB300D /* gl_all.h */,
				3DE1343B1FBC7A8F5DAE5AE2 /* gl_all.hpp */,
				381027393DAE74C47E20121B /* gl_core.h */,
				2CBC19E47BA0700844133FD2 /* gl_core.hpp */,
				1FA80ECF4C3C354E52197532 /* gll.h */,
				2E913AF3313257851AAC37E9 /* gll.hpp */,
			);
			path = glload;
			sourceTree = "<group>";
		};
		7D1E58027DD3381024453902 /* include */ = {
			isa = PBXGroup;
			children = (
				70327BD63D3235BF35D8284F /* glload */,
			);
			path = include;
			sourceTree = "<group>";
		};
/* End PBXGroup section */

/* Begin PBXNativeTarget section */
		4954489E0BD849A303A57EAD /* glload */ = {
			isa = PBXNativeTarget;
			buildConfigurationList = 5FB92BED0A1920FB42955A69 /* Build configuration list for PBXNativeTarget "glload" */;
			buildPhases = (
				335F629A1F65381456A86039 /* Resources */,
				5EF6234B1A711B086A072FC2 /* Sources */,
				050B22B85F3731C318FB2CBF /* Frameworks */,
			);
			buildRules = (
			);
			dependencies = (
			);
			name = glload;
			productName = glload;
			productReference = 71DF20A568B404E01BCD48D9 /* libglloadD.a */;
			productType = "com.apple.product-type.library.static";
		};
/* End PBXNativeTarget section */

/* Begin PBXProject section */
		08FB7793FE84155DC02AAC07 /* Project object */ = {
			isa = PBXProject;
			buildConfigurationList = 1DEB928908733DD80010E9CD /* Build configuration list for PBXProject "glload" */;
			compatibilityVersion = "Xcode 3.1";
			developmentRegion = English;
			hasScannedForEncodings = 1;
			knownRegions = (
				en,
			);
			mainGroup = 21374D295B850C364E451F81 /* glload */;
			projectDirPath = "";
			projectRoot = "";
			targets = (
				4954489E0BD849A303A57EAD /* glload */,
			);
		};
/* End PBXProject section */

/* Begin PBXResourcesBuildPhase section */
		335F629A1F65381456A86039 /* Resources */ = {
			isa = PBXResourcesBuildPhase;
			buildActionMask = 2147483647;
			files = (
			);
			runOnlyForDeploymentPostprocessing = 0;
		};
/* End PBXResourcesBuildPhase section */

/* Begin PBXSourcesBuildPhase section */
		5EF6234B1A711B086A072FC2 /* Sources */ = {
			isa = PBXSourcesBuildPhase;
			buildActionMask = 2147483647;
			files = (
				5F474B426497773554D72870 /* gll_c.c in Sources */,
				7040335F41DF309665195F0D /* gll_cpp.cpp in Sources */,
				69C2507E279E113F4AAA62B2 /* gll_gl_ext.c in Sources */,
			);
			runOnlyForDeploymentPostprocessing = 0;
		};
/* End PBXSourcesBuildPhase section */

/* Begin XCBuildConfiguration section */
		0A861B9B723911360EBA6945 /* Debug */ = {
			isa = XCBuildConfiguration;
			buildSettings = {
				ARCHS = "$(NATIVE_ARCH_ACTUAL)";
				CONFIGURATION_BUILD_DIR = "$(SYMROOT)";
				CONFIGURATION_TEMP_DIR = "$(OBJROOT)";
				COPY_PHASE_STRIP = NO;
				GCC_C_LANGUAGE_STANDARD = gnu99;
				GCC_ENABLE_FIX_AND_CONTINUE = YES;
				GCC_OPTIMIZATION_LEVEL = 0;
				GCC_PREPROCESSOR_DEFINITIONS = (
					_CRT_SECURE_NO_WARNINGS,
					_SCL_SECURE_NO_WARNINGS,
					DEBUG,
					_DEBUG,
					MEMORY_DEBUGGING,
				);
				GCC_WARN_ABOUT_RETURN_TYPE = YES;
				GCC_WARN_UNUSED_VARIABLE = YES;
				HEADER_SEARCH_PATHS = (
					include,
					source,
				);
				OBJROOT = Debug;
				ONLY_ACTIVE_ARCH = NO;
				PREBINDING = NO;
				SYMROOT = lib;
			};
			name = Debug;
		};
		3BA561700D183DAA7746333F /* Release */ = {
			isa = XCBuildConfiguration;
			buildSettings = {
				ARCHS = "$(NATIVE_ARCH_ACTUAL)";
				CONFIGURATION_BUILD_DIR = "$(SYMROOT)";
				CONFIGURATION_TEMP_DIR = "$(OBJROOT)";
				GCC_C_LANGUAGE_STANDARD = gnu99;
				GCC_OPTIMIZATION_LEVEL = 3;
				GCC_PREPROCESSOR_DEFINITIONS = (
					_CRT_SECURE_NO_WARNINGS,
					_SCL_SECURE_NO_WARNINGS,
					NDEBUG,
					RELEASE,
				);
				GCC_WARN_ABOUT_RETURN_TYPE = YES;
				GCC_WARN_UNUSED_VARIABLE = YES;
				HEADER_SEARCH_PATHS = (
					include,
					source,
				);
				OBJROOT = Release;
				ONLY_ACTIVE_ARCH = NO;
				OTHER_CFLAGS = "-fomit-frame-pointer";
				PREBINDING = NO;
				SYMROOT = lib;
				WARNING_CFLAGS = "-Wall";
			};
			name = Release;
		};
		60ED256275974533296737B2 /* Release */ = {
			isa = XCBuildConfiguration;
			buildSettings = {
				ALWAYS_SEARCH_USER_PATHS = NO;
				CLANG_CXX_LANGUAGE_STANDARD = "gnu++0x";
				CLANG_CXX_LIBRARY = "libstdc++";
				CONFIGURATION_BUILD_DIR = lib;
				DEBUG_INFORMATION_FORMAT = "dwarf-with-dsym";
				GCC_DYNAMIC_NO_PIC = NO;
				GCC_MODEL_TUNING = G5;
				INSTALL_PATH = /usr/local/lib;
				PRODUCT_NAME = glload;
			};
			name = Release;
		};
		69C2597056E616EB34B22892 /* Debug */ = {
			isa = XCBuildConfiguration;
			buildSettings = {
				ALWAYS_SEARCH_USER_PATHS = NO;
				CLANG_CXX_LANGUAGE_STANDARD = "gnu++0x";
				CLANG_CXX_LIBRARY = "libstdc++";
				CONFIGURATION_BUILD_DIR = lib;
				GCC_DYNAMIC_NO_PIC = NO;
				GCC_MODEL_TUNING = G5;
				INSTALL_PATH = /usr/local/lib;
				PRODUCT_NAME = glloadD;
			};
			name = Debug;
		};
/* End XCBuildConfiguration section */

/* Begin XCConfigurationList section */
		1DEB928908733DD80010E9CD /* Build configuration list for PBXProject "glload" */ = {
			isa = XCConfigurationList;
			buildConfigurations = (
				0A861B9B723911360EBA6945 /* Debug */,
				3BA561700D183DAA7746333F /* Release */,
			);
			defaultConfigurationIsVisible = 0;
			defaultConfigurationName = Debug;
		};
		5FB92BED0A1920FB42955A69 /* Build configuration list for PBXNativeTarget "glload" */ = {
			isa = XCConfigurationList;
			buildConfigurations = (
				69C2597056E616EB34B22892 /* Debug */,
				60ED256275974533296737B2 /* Release */,
			);
			defaultConfigurationIsVisible = 0;
			defaultConfigurationName = Debug;
		};
/* End XCConfigurationList section */
	};
	rootObject = 08FB7793FE84155DC02AAC07 /* Project object */;
}
