// !$*UTF8*$!
{
	archiveVersion = 1;
	classes = {
	};
	objectVersion = 46;
	objects = {

/* Begin PBXGroup section */
		E9AECDCE170A4B5C00A7FD21 = {
			isa = PBXGroup;
			children = (
			);
			sourceTree = "<group>";
		};
/* End PBXGroup section */

/* Begin PBXProject section */
		E9AECDCF170A4B5C00A7FD21 /* Project object */ = {
			isa = PBXProject;
			attributes = {
				LastUpgradeCheck = 0460;
			};
			buildConfigurationList = E9AECDD2170A4B5C00A7FD21 /* Build configuration list for PBXProject "FreeBuild" */;
			compatibilityVersion = "Xcode 3.2";
			developmentRegion = English;
			hasScannedForEncodings = 0;
			knownRegions = (
				en,
			);
			mainGroup = E9AECDCE170A4B5C00A7FD21;
			projectDirPath = "";
			projectRoot = "";
			targets = (
			);
		};
/* End PBXProject section */

/* Begin XCBuildConfiguration section */
		E9AECDD3170A4B5C00A7FD21 /* Debug */ = {
			isa = XCBuildConfiguration;
			buildSettings = {
			};
			name = Debug;
		};
		E9AECDD4170A4B5C00A7FD21 /* Release */ = {
			isa = XCBuildConfiguration;
			buildSettings = {
			};
			name = Release;
		};
/* End XCBuildConfiguration section */

/* Begin XCConfigurationList section */
		E9AECDD2170A4B5C00A7FD21 /* Build configuration list for PBXProject "FreeBuild" */ = {
			isa = XCConfigurationList;
			buildConfigurations = (
				E9AECDD3170A4B5C00A7FD21 /* Debug */,
				E9AECDD4170A4B5C00A7FD21 /* Release */,
			);
			defaultConfigurationIsVisible = 0;
			defaultConfigurationName = Release;
		};
/* End XCConfigurationList section */
	};
	rootObject = E9AECDCF170A4B5C00A7FD21 /* Project object */;
}
